
Microsoft Visual Studio Solution File, Format Version 12.00
# Visual Studio Version 16
VisualStudioVersion = 16.0.29519.87
MinimumVisualStudioVersion = 10.0.40219.1
Project("{9A19103F-16F7-4668-BE54-9A1E7A4F7556}") = "VetSystemEngineer", "VetSystemEngineer\VetSystemEngineer.csproj", "{C03FE1B9-6605-4254-9F0D-12EF240717BE}"
EndProject
Project("{9A19103F-16F7-4668-BE54-9A1E7A4F7556}") = "VetSystemEngineer.Tests", "VetSystemEngineer.Tests\VetSystemEngineer.Tests.csproj", "{EBD7D306-309C-4977-9224-94363C018950}"
EndProject
Global
	GlobalSection(SolutionConfigurationPlatforms) = preSolution
		Debug|Any CPU = Debug|Any CPU
		Release|Any CPU = Release|Any CPU
	EndGlobalSection
	GlobalSection(ProjectConfigurationPlatforms) = postSolution
		{C03FE1B9-6605-4254-9F0D-12EF240717BE}.Debug|Any CPU.ActiveCfg = Debug|Any CPU
		{C03FE1B9-6605-4254-9F0D-12EF240717BE}.Debug|Any CPU.Build.0 = Debug|Any CPU
		{C03FE1B9-6605-4254-9F0D-12EF240717BE}.Release|Any CPU.ActiveCfg = Release|Any CPU
		{C03FE1B9-6605-4254-9F0D-12EF240717BE}.Release|Any CPU.Build.0 = Release|Any CPU
		{EBD7D306-309C-4977-9224-94363C018950}.Debug|Any CPU.ActiveCfg = Debug|Any CPU
		{EBD7D306-309C-4977-9224-94363C018950}.Debug|Any CPU.Build.0 = Debug|Any CPU
		{EBD7D306-309C-4977-9224-94363C018950}.Release|Any CPU.ActiveCfg = Release|Any CPU
		{EBD7D306-309C-4977-9224-94363C018950}.Release|Any CPU.Build.0 = Release|Any CPU
	EndGlobalSection
	GlobalSection(SolutionProperties) = preSolution
		HideSolutionNode = FALSE
	EndGlobalSection
	GlobalSection(ExtensibilityGlobals) = postSolution
		SolutionGuid = {C16A79D8-DB85-49B9-A208-34481341071E}
	EndGlobalSection
EndGlobal
